# This file is automatically @generated by Cargo.
# It is not intended for manual editing.
version = 4

[[package]]
name = "lumen-common"
version = "0.0.1"

[[package]]
name = "lumen-css-parser"
version = "0.0.1"

[[package]]
name = "lumen-dom"
version = "0.0.1"

[[package]]
name = "lumen-html-parser"
version = "0.0.1"

[[package]]
name = "lumen-layout"
version = "0.0.1"

[[package]]
name = "lumen-paint"
version = "0.0.1"

[[package]]
name = "lumen-shell"
version = "0.0.1"
dependencies = [
 "lumen-common",
 "lumen-css-parser",
 "lumen-dom",
 "lumen-html-parser",
 "lumen-layout",
 "lumen-paint",
]
